// !$*UTF8*$!
{
	archiveVersion = 1;
	classes = {
	};
	objectVersion = 55;
	objects = {

/* Begin PBXBuildFile section */
		63075AA3297DDDDE00C68C81 /* TutorialThreeView.swift in Sources */ = {isa = PBXBuildFile; fileRef = 63075AA2297DDDDE00C68C81 /* TutorialThreeView.swift */; };
		63075AA5297DE17700C68C81 /* TutorialFourView.swift in Sources */ = {isa = PBXBuildFile; fileRef = 63075AA4297DE17700C68C81 /* TutorialFourView.swift */; };
		63075AA9297DED7200C68C81 /* TimesView.swift in Sources */ = {isa = PBXBuildFile; fileRef = 63075AA8297DED7200C68C81 /* TimesView.swift */; };
		63075AAB297DED8400C68C81 /* StatisticsView.swift in Sources */ = {isa = PBXBuildFile; fileRef = 63075AAA297DED8400C68C81 /* StatisticsView.swift */; };
		63075AAF297E070600C68C81 /* MainControllerView.swift in Sources */ = {isa = PBXBuildFile; fileRef = 63075AAE297E070600C68C81 /* MainControllerView.swift */; };
		6311D39E29835C3B00A91417 /* WorkoutView.swift in Sources */ = {isa = PBXBuildFile; fileRef = 6311D39D29835C3B00A91417 /* WorkoutView.swift */; };
		6335CCF629822CF4008014FD /* TrainingManagement.swift in Sources */ = {isa = PBXBuildFile; fileRef = 6335CCF529822CF4008014FD /* TrainingManagement.swift */; };
		63749196297724030073D269 /* SplashScreenView.swift in Sources */ = {isa = PBXBuildFile; fileRef = 63749195297724030073D269 /* SplashScreenView.swift */; };
		637491982977473C0073D269 /* Flamenco-Regular.ttf in Resources */ = {isa = PBXBuildFile; fileRef = 637491972977473C0073D269 /* Flamenco-Regular.ttf */; };
		63A61B562987042300CA5F3B /* CreatePlanView.swift in Sources */ = {isa = PBXBuildFile; fileRef = 63A61B552987042200CA5F3B /* CreatePlanView.swift */; };
		63A75808297F352400919391 /* AddTimeView.swift in Sources */ = {isa = PBXBuildFile; fileRef = 63A75807297F352400919391 /* AddTimeView.swift */; };
		63A7580B297F773400919391 /* Model.xcdatamodeld in Sources */ = {isa = PBXBuildFile; fileRef = 63A75809297F773300919391 /* Model.xcdatamodeld */; };
		63A7580D297F791B00919391 /* DataManager.swift in Sources */ = {isa = PBXBuildFile; fileRef = 63A7580C297F791B00919391 /* DataManager.swift */; };
		63A7580F2980BF5300919391 /* EditTimeView.swift in Sources */ = {isa = PBXBuildFile; fileRef = 63A7580E2980BF5300919391 /* EditTimeView.swift */; };
		63DC6607297C7CEF00CFD429 /* TrainingPlanChoiceView.swift in Sources */ = {isa = PBXBuildFile; fileRef = 63DC6606297C7CEF00CFD429 /* TrainingPlanChoiceView.swift */; };
		63DC6609297C8AC300CFD429 /* TutorialOneView.swift in Sources */ = {isa = PBXBuildFile; fileRef = 63DC6608297C8AC300CFD429 /* TutorialOneView.swift */; };
		63DC660B297C8AD700CFD429 /* TrainingView.swift in Sources */ = {isa = PBXBuildFile; fileRef = 63DC660A297C8AD700CFD429 /* TrainingView.swift */; };
		63DC660F297CC8F300CFD429 /* Inter-BI.ttf in Resources */ = {isa = PBXBuildFile; fileRef = 63DC660E297CC8F300CFD429 /* Inter-BI.ttf */; };
		63DC6611297CC96900CFD429 /* Inter-Bold.ttf in Resources */ = {isa = PBXBuildFile; fileRef = 63DC6610297CC96900CFD429 /* Inter-Bold.ttf */; };
		63DC6613297CD52300CFD429 /* TutorialTwoView.swift in Sources */ = {isa = PBXBuildFile; fileRef = 63DC6612297CD52300CFD429 /* TutorialTwoView.swift */; };
		63E2D06B2934379F006D2ACE /* swimpalApp.swift in Sources */ = {isa = PBXBuildFile; fileRef = 63E2D06A2934379F006D2ACE /* swimpalApp.swift */; };
		63E2D06D2934379F006D2ACE /* ContentView.swift in Sources */ = {isa = PBXBuildFile; fileRef = 63E2D06C2934379F006D2ACE /* ContentView.swift */; };
		63E2D06F293437A6006D2ACE /* Assets.xcassets in Resources */ = {isa = PBXBuildFile; fileRef = 63E2D06E293437A6006D2ACE /* Assets.xcassets */; };
		63E2D072293437A6006D2ACE /* Preview Assets.xcassets in Resources */ = {isa = PBXBuildFile; fileRef = 63E2D071293437A6006D2ACE /* Preview Assets.xcassets */; };
/* End PBXBuildFile section */

/* Begin PBXFileReference section */
		63075AA2297DDDDE00C68C81 /* TutorialThreeView.swift */ = {isa = PBXFileReference; lastKnownFileType = sourcecode.swift; path = TutorialThreeView.swift; sourceTree = "<group>"; };
		63075AA4297DE17700C68C81 /* TutorialFourView.swift */ = {isa = PBXFileReference; lastKnownFileType = sourcecode.swift; path = TutorialFourView.swift; sourceTree = "<group>"; };
		63075AA8297DED7200C68C81 /* TimesView.swift */ = {isa = PBXFileReference; lastKnownFileType = sourcecode.swift; path = TimesView.swift; sourceTree = "<group>"; };
		63075AAA297DED8400C68C81 /* StatisticsView.swift */ = {isa = PBXFileReference; lastKnownFileType = sourcecode.swift; path = StatisticsView.swift; sourceTree = "<group>"; };
		63075AAE297E070600C68C81 /* MainControllerView.swift */ = {isa = PBXFileReference; lastKnownFileType = sourcecode.swift; path = MainControllerView.swift; sourceTree = "<group>"; };
		6311D39D29835C3B00A91417 /* WorkoutView.swift */ = {isa = PBXFileReference; lastKnownFileType = sourcecode.swift; path = WorkoutView.swift; sourceTree = "<group>"; };
		6335CCF529822CF4008014FD /* TrainingManagement.swift */ = {isa = PBXFileReference; lastKnownFileType = sourcecode.swift; path = TrainingManagement.swift; sourceTree = "<group>"; };
		63749195297724030073D269 /* SplashScreenView.swift */ = {isa = PBXFileReference; lastKnownFileType = sourcecode.swift; path = SplashScreenView.swift; sourceTree = "<group>"; };
		637491972977473C0073D269 /* Flamenco-Regular.ttf */ = {isa = PBXFileReference; lastKnownFileType = file; path = "Flamenco-Regular.ttf"; sourceTree = "<group>"; };
		63749199297748560073D269 /* Info.plist */ = {isa = PBXFileReference; lastKnownFileType = text.plist; path = Info.plist; sourceTree = "<group>"; };
		63A61B552987042200CA5F3B /* CreatePlanView.swift */ = {isa = PBXFileReference; lastKnownFileType = sourcecode.swift; path = CreatePlanView.swift; sourceTree = "<group>"; };
		63A75807297F352400919391 /* AddTimeView.swift */ = {isa = PBXFileReference; lastKnownFileType = sourcecode.swift; path = AddTimeView.swift; sourceTree = "<group>"; };
		63A7580A297F773400919391 /* Model.xcdatamodel */ = {isa = PBXFileReference; lastKnownFileType = wrapper.xcdatamodel; path = Model.xcdatamodel; sourceTree = "<group>"; };
		63A7580C297F791B00919391 /* DataManager.swift */ = {isa = PBXFileReference; lastKnownFileType = sourcecode.swift; path = DataManager.swift; sourceTree = "<group>"; };
		63A7580E2980BF5300919391 /* EditTimeView.swift */ = {isa = PBXFileReference; lastKnownFileType = sourcecode.swift; path = EditTimeView.swift; sourceTree = "<group>"; };
		63DC6606297C7CEF00CFD429 /* TrainingPlanChoiceView.swift */ = {isa = PBXFileReference; lastKnownFileType = sourcecode.swift; path = TrainingPlanChoiceView.swift; sourceTree = "<group>"; };
		63DC6608297C8AC300CFD429 /* TutorialOneView.swift */ = {isa = PBXFileReference; lastKnownFileType = sourcecode.swift; path = TutorialOneView.swift; sourceTree = "<group>"; };
		63DC660A297C8AD700CFD429 /* TrainingView.swift */ = {isa = PBXFileReference; lastKnownFileType = sourcecode.swift; path = TrainingView.swift; sourceTree = "<group>"; };
		63DC660E297CC8F300CFD429 /* Inter-BI.ttf */ = {isa = PBXFileReference; lastKnownFileType = file; path = "Inter-BI.ttf"; sourceTree = "<group>"; };
		63DC6610297CC96900CFD429 /* Inter-Bold.ttf */ = {isa = PBXFileReference; lastKnownFileType = file; name = "Inter-Bold.ttf"; path = "../../../Downloads/Inter (1)/static/Inter-Bold.ttf"; sourceTree = "<group>"; };
		63DC6612297CD52300CFD429 /* TutorialTwoView.swift */ = {isa = PBXFileReference; lastKnownFileType = sourcecode.swift; path = TutorialTwoView.swift; sourceTree = "<group>"; };
		63E2D0672934379F006D2ACE /* swimpal.app */ = {isa = PBXFileReference; explicitFileType = wrapper.application; includeInIndex = 0; path = swimpal.app; sourceTree = BUILT_PRODUCTS_DIR; };
		63E2D06A2934379F006D2ACE /* swimpalApp.swift */ = {isa = PBXFileReference; lastKnownFileType = sourcecode.swift; path = swimpalApp.swift; sourceTree = "<group>"; };
		63E2D06C2934379F006D2ACE /* ContentView.swift */ = {isa = PBXFileReference; lastKnownFileType = sourcecode.swift; path = ContentView.swift; sourceTree = "<group>"; };
		63E2D06E293437A6006D2ACE /* Assets.xcassets */ = {isa = PBXFileReference; lastKnownFileType = folder.assetcatalog; path = Assets.xcassets; sourceTree = "<group>"; };
		63E2D071293437A6006D2ACE /* Preview Assets.xcassets */ = {isa = PBXFileReference; lastKnownFileType = folder.assetcatalog; path = "Preview Assets.xcassets"; sourceTree = "<group>"; };
/* End PBXFileReference section */

/* Begin PBXFrameworksBuildPhase section */
		63E2D0642934379F006D2ACE /* Frameworks */ = {
			isa = PBXFrameworksBuildPhase;
			buildActionMask = 2147483647;
			files = (
			);
			runOnlyForDeploymentPostprocessing = 0;
		};
/* End PBXFrameworksBuildPhase section */

/* Begin PBXGroup section */
		63E2D05E2934379F006D2ACE = {
			isa = PBXGroup;
			children = (
				63E2D0692934379F006D2ACE /* swimpal */,
				63E2D0682934379F006D2ACE /* Products */,
			);
			sourceTree = "<group>";
		};
		63E2D0682934379F006D2ACE /* Products */ = {
			isa = PBXGroup;
			children = (
				63E2D0672934379F006D2ACE /* swimpal.app */,
			);
			name = Products;
			sourceTree = "<group>";
		};
		63E2D0692934379F006D2ACE /* swimpal */ = {
			isa = PBXGroup;
			children = (
				63A75809297F773300919391 /* Model.xcdatamodeld */,
				63749199297748560073D269 /* Info.plist */,
				63A7580C297F791B00919391 /* DataManager.swift */,
				63E2D06A2934379F006D2ACE /* swimpalApp.swift */,
				63075AAE297E070600C68C81 /* MainControllerView.swift */,
				63749195297724030073D269 /* SplashScreenView.swift */,
				63E2D06C2934379F006D2ACE /* ContentView.swift */,
				63DC6606297C7CEF00CFD429 /* TrainingPlanChoiceView.swift */,
				63DC6608297C8AC300CFD429 /* TutorialOneView.swift */,
				63DC6612297CD52300CFD429 /* TutorialTwoView.swift */,
				63075AA2297DDDDE00C68C81 /* TutorialThreeView.swift */,
				63075AA4297DE17700C68C81 /* TutorialFourView.swift */,
				63DC660A297C8AD700CFD429 /* TrainingView.swift */,
				63075AAA297DED8400C68C81 /* StatisticsView.swift */,
				63075AA8297DED7200C68C81 /* TimesView.swift */,
				63A75807297F352400919391 /* AddTimeView.swift */,
				63A7580E2980BF5300919391 /* EditTimeView.swift */,
				6335CCF529822CF4008014FD /* TrainingManagement.swift */,
				6311D39D29835C3B00A91417 /* WorkoutView.swift */,
				63A61B552987042200CA5F3B /* CreatePlanView.swift */,
				63DC660E297CC8F300CFD429 /* Inter-BI.ttf */,
				63DC6610297CC96900CFD429 /* Inter-Bold.ttf */,
				637491972977473C0073D269 /* Flamenco-Regular.ttf */,
				63E2D06E293437A6006D2ACE /* Assets.xcassets */,
				63E2D070293437A6006D2ACE /* Preview Content */,
			);
			path = swimpal;
			sourceTree = "<group>";
		};
		63E2D070293437A6006D2ACE /* Preview Content */ = {
			isa = PBXGroup;
			children = (
				63E2D071293437A6006D2ACE /* Preview Assets.xcassets */,
			);
			path = "Preview Content";
			sourceTree = "<group>";
		};
/* End PBXGroup section */

/* Begin PBXNativeTarget section */
		63E2D0662934379F006D2ACE /* swimpal */ = {
			isa = PBXNativeTarget;
			buildConfigurationList = 63E2D075293437A6006D2ACE /* Build configuration list for PBXNativeTarget "swimpal" */;
			buildPhases = (
				63E2D0632934379F006D2ACE /* Sources */,
				63E2D0642934379F006D2ACE /* Frameworks */,
				63E2D0652934379F006D2ACE /* Resources */,
			);
			buildRules = (
			);
			dependencies = (
			);
			name = swimpal;
			productName = swimpal;
			productReference = 63E2D0672934379F006D2ACE /* swimpal.app */;
			productType = "com.apple.product-type.application";
		};
/* End PBXNativeTarget section */

/* Begin PBXProject section */
		63E2D05F2934379F006D2ACE /* Project object */ = {
			isa = PBXProject;
			attributes = {
				BuildIndependentTargetsInParallel = 1;
				LastSwiftUpdateCheck = 1340;
				LastUpgradeCheck = 1340;
				TargetAttributes = {
					63E2D0662934379F006D2ACE = {
						CreatedOnToolsVersion = 13.4;
					};
				};
			};
			buildConfigurationList = 63E2D0622934379F006D2ACE /* Build configuration list for PBXProject "swimpal" */;
			compatibilityVersion = "Xcode 13.0";
			developmentRegion = en;
			hasScannedForEncodings = 0;
			knownRegions = (
				en,
				Base,
			);
			mainGroup = 63E2D05E2934379F006D2ACE;
			productRefGroup = 63E2D0682934379F006D2ACE /* Products */;
			projectDirPath = "";
			projectRoot = "";
			targets = (
				63E2D0662934379F006D2ACE /* swimpal */,
			);
		};
/* End PBXProject section */

/* Begin PBXResourcesBuildPhase section */
		63E2D0652934379F006D2ACE /* Resources */ = {
			isa = PBXResourcesBuildPhase;
			buildActionMask = 2147483647;
			files = (
				63DC6611297CC96900CFD429 /* Inter-Bold.ttf in Resources */,
				63DC660F297CC8F300CFD429 /* Inter-BI.ttf in Resources */,
				63E2D072293437A6006D2ACE /* Preview Assets.xcassets in Resources */,
				63E2D06F293437A6006D2ACE /* Assets.xcassets in Resources */,
				637491982977473C0073D269 /* Flamenco-Regular.ttf in Resources */,
			);
			runOnlyForDeploymentPostprocessing = 0;
		};
/* End PBXResourcesBuildPhase section */

/* Begin PBXSourcesBuildPhase section */
		63E2D0632934379F006D2ACE /* Sources */ = {
			isa = PBXSourcesBuildPhase;
			buildActionMask = 2147483647;
			files = (
				63DC6607297C7CEF00CFD429 /* TrainingPlanChoiceView.swift in Sources */,
				63A7580D297F791B00919391 /* DataManager.swift in Sources */,
				63075AA9297DED7200C68C81 /* TimesView.swift in Sources */,
				63A75808297F352400919391 /* AddTimeView.swift in Sources */,
				6311D39E29835C3B00A91417 /* WorkoutView.swift in Sources */,
				63A7580B297F773400919391 /* Model.xcdatamodeld in Sources */,
				63075AA3297DDDDE00C68C81 /* TutorialThreeView.swift in Sources */,
				63DC6613297CD52300CFD429 /* TutorialTwoView.swift in Sources */,
				63A61B562987042300CA5F3B /* CreatePlanView.swift in Sources */,
				63E2D06D2934379F006D2ACE /* ContentView.swift in Sources */,
				63DC6609297C8AC300CFD429 /* TutorialOneView.swift in Sources */,
				63E2D06B2934379F006D2ACE /* swimpalApp.swift in Sources */,
				6335CCF629822CF4008014FD /* TrainingManagement.swift in Sources */,
				63075AAF297E070600C68C81 /* MainControllerView.swift in Sources */,
				63DC660B297C8AD700CFD429 /* TrainingView.swift in Sources */,
				63075AAB297DED8400C68C81 /* StatisticsView.swift in Sources */,
				63A7580F2980BF5300919391 /* EditTimeView.swift in Sources */,
				63075AA5297DE17700C68C81 /* TutorialFourView.swift in Sources */,
				63749196297724030073D269 /* SplashScreenView.swift in Sources */,
			);
			runOnlyForDeploymentPostprocessing = 0;
		};
/* End PBXSourcesBuildPhase section */

/* Begin XCBuildConfiguration section */
		63E2D073293437A6006D2ACE /* Debug */ = {
			isa = XCBuildConfiguration;
			buildSettings = {
				ALWAYS_SEARCH_USER_PATHS = NO;
				CLANG_ANALYZER_NONNULL = YES;
				CLANG_ANALYZER_NUMBER_OBJECT_CONVERSION = YES_AGGRESSIVE;
				CLANG_CXX_LANGUAGE_STANDARD = "gnu++17";
				CLANG_ENABLE_MODULES = YES;
				CLANG_ENABLE_OBJC_ARC = YES;
				CLANG_ENABLE_OBJC_WEAK = YES;
				CLANG_WARN_BLOCK_CAPTURE_AUTORELEASING = YES;
				CLANG_WARN_BOOL_CONVERSION = YES;
				CLANG_WARN_COMMA = YES;
				CLANG_WARN_CONSTANT_CONVERSION = YES;
				CLANG_WARN_DEPRECATED_OBJC_IMPLEMENTATIONS = YES;
				CLANG_WARN_DIRECT_OBJC_ISA_USAGE = YES_ERROR;
				CLANG_WARN_DOCUMENTATION_COMMENTS = YES;
				CLANG_WARN_EMPTY_BODY = YES;
				CLANG_WARN_ENUM_CONVERSION = YES;
				CLANG_WARN_INFINITE_RECURSION = YES;
				CLANG_WARN_INT_CONVERSION = YES;
				CLANG_WARN_NON_LITERAL_NULL_CONVERSION = YES;
				CLANG_WARN_OBJC_IMPLICIT_RETAIN_SELF = YES;
				CLANG_WARN_OBJC_LITERAL_CONVERSION = YES;
				CLANG_WARN_OBJC_ROOT_CLASS = YES_ERROR;
				CLANG_WARN_QUOTED_INCLUDE_IN_FRAMEWORK_HEADER = YES;
				CLANG_WARN_RANGE_LOOP_ANALYSIS = YES;
				CLANG_WARN_STRICT_PROTOTYPES = YES;
				CLANG_WARN_SUSPICIOUS_MOVE = YES;
				CLANG_WARN_UNGUARDED_AVAILABILITY = YES_AGGRESSIVE;
				CLANG_WARN_UNREACHABLE_CODE = YES;
				CLANG_WARN__DUPLICATE_METHOD_MATCH = YES;
				COPY_PHASE_STRIP = NO;
				DEBUG_INFORMATION_FORMAT = dwarf;
				ENABLE_STRICT_OBJC_MSGSEND = YES;
				ENABLE_TESTABILITY = YES;
				GCC_C_LANGUAGE_STANDARD = gnu11;
				GCC_DYNAMIC_NO_PIC = NO;
				GCC_NO_COMMON_BLOCKS = YES;
				GCC_OPTIMIZATION_LEVEL = 0;
				GCC_PREPROCESSOR_DEFINITIONS = (
					"DEBUG=1",
					"$(inherited)",
				);
				GCC_WARN_64_TO_32_BIT_CONVERSION = YES;
				GCC_WARN_ABOUT_RETURN_TYPE = YES_ERROR;
				GCC_WARN_UNDECLARED_SELECTOR = YES;
				GCC_WARN_UNINITIALIZED_AUTOS = YES_AGGRESSIVE;
				GCC_WARN_UNUSED_FUNCTION = YES;
				GCC_WARN_UNUSED_VARIABLE = YES;
				IPHONEOS_DEPLOYMENT_TARGET = 15.5;
				MTL_ENABLE_DEBUG_INFO = INCLUDE_SOURCE;
				MTL_FAST_MATH = YES;
				ONLY_ACTIVE_ARCH = YES;
				SDKROOT = iphoneos;
				SWIFT_ACTIVE_COMPILATION_CONDITIONS = DEBUG;
				SWIFT_OPTIMIZATION_LEVEL = "-Onone";
			};
			name = Debug;
		};
		63E2D074293437A6006D2ACE /* Release */ = {
			isa = XCBuildConfiguration;
			buildSettings = {
				ALWAYS_SEARCH_USER_PATHS = NO;
				CLANG_ANALYZER_NONNULL = YES;
				CLANG_ANALYZER_NUMBER_OBJECT_CONVERSION = YES_AGGRESSIVE;
				CLANG_CXX_LANGUAGE_STANDARD = "gnu++17";
				CLANG_ENABLE_MODULES = YES;
				CLANG_ENABLE_OBJC_ARC = YES;
				CLANG_ENABLE_OBJC_WEAK = YES;
				CLANG_WARN_BLOCK_CAPTURE_AUTORELEASING = YES;
				CLANG_WARN_BOOL_CONVERSION = YES;
				CLANG_WARN_COMMA = YES;
				CLANG_WARN_CONSTANT_CONVERSION = YES;
				CLANG_WARN_DEPRECATED_OBJC_IMPLEMENTATIONS = YES;
				CLANG_WARN_DIRECT_OBJC_ISA_USAGE = YES_ERROR;
				CLANG_WARN_DOCUMENTATION_COMMENTS = YES;
				CLANG_WARN_EMPTY_BODY = YES;
				CLANG_WARN_ENUM_CONVERSION = YES;
				CLANG_WARN_INFINITE_RECURSION = YES;
				CLANG_WARN_INT_CONVERSION = YES;
				CLANG_WARN_NON_LITERAL_NULL_CONVERSION = YES;
				CLANG_WARN_OBJC_IMPLICIT_RETAIN_SELF = YES;
				CLANG_WARN_OBJC_LITERAL_CONVERSION = YES;
				CLANG_WARN_OBJC_ROOT_CLASS = YES_ERROR;
				CLANG_WARN_QUOTED_INCLUDE_IN_FRAMEWORK_HEADER = YES;
				CLANG_WARN_RANGE_LOOP_ANALYSIS = YES;
				CLANG_WARN_STRICT_PROTOTYPES = YES;
				CLANG_WARN_SUSPICIOUS_MOVE = YES;
				CLANG_WARN_UNGUARDED_AVAILABILITY = YES_AGGRESSIVE;
				CLANG_WARN_UNREACHABLE_CODE = YES;
				CLANG_WARN__DUPLICATE_METHOD_MATCH = YES;
				COPY_PHASE_STRIP = NO;
				DEBUG_INFORMATION_FORMAT = "dwarf-with-dsym";
				ENABLE_NS_ASSERTIONS = NO;
				ENABLE_STRICT_OBJC_MSGSEND = YES;
				GCC_C_LANGUAGE_STANDARD = gnu11;
				GCC_NO_COMMON_BLOCKS = YES;
				GCC_WARN_64_TO_32_BIT_CONVERSION = YES;
				GCC_WARN_ABOUT_RETURN_TYPE = YES_ERROR;
				GCC_WARN_UNDECLARED_SELECTOR = YES;
				GCC_WARN_UNINITIALIZED_AUTOS = YES_AGGRESSIVE;
				GCC_WARN_UNUSED_FUNCTION = YES;
				GCC_WARN_UNUSED_VARIABLE = YES;
				IPHONEOS_DEPLOYMENT_TARGET = 15.5;
				MTL_ENABLE_DEBUG_INFO = NO;
				MTL_FAST_MATH = YES;
				SDKROOT = iphoneos;
				SWIFT_COMPILATION_MODE = wholemodule;
				SWIFT_OPTIMIZATION_LEVEL = "-O";
				VALIDATE_PRODUCT = YES;
			};
			name = Release;
		};
		63E2D076293437A6006D2ACE /* Debug */ = {
			isa = XCBuildConfiguration;
			buildSettings = {
				ASSETCATALOG_COMPILER_APPICON_NAME = AppIcon;
				ASSETCATALOG_COMPILER_GLOBAL_ACCENT_COLOR_NAME = AccentColor;
				CODE_SIGN_STYLE = Automatic;
				CURRENT_PROJECT_VERSION = 1;
				DEVELOPMENT_ASSET_PATHS = "\"swimpal/Preview Content\"";
				ENABLE_PREVIEWS = YES;
				GENERATE_INFOPLIST_FILE = YES;
				INFOPLIST_FILE = swimpal/Info.plist;
				INFOPLIST_KEY_UIApplicationSceneManifest_Generation = YES;
				INFOPLIST_KEY_UIApplicationSupportsIndirectInputEvents = YES;
				INFOPLIST_KEY_UILaunchScreen_Generation = YES;
				INFOPLIST_KEY_UISupportedInterfaceOrientations_iPad = "UIInterfaceOrientationPortrait UIInterfaceOrientationPortraitUpsideDown UIInterfaceOrientationLandscapeLeft UIInterfaceOrientationLandscapeRight";
				INFOPLIST_KEY_UISupportedInterfaceOrientations_iPhone = "UIInterfaceOrientationPortrait UIInterfaceOrientationLandscapeLeft UIInterfaceOrientationLandscapeRight";
				LD_RUNPATH_SEARCH_PATHS = (
					"$(inherited)",
					"@executable_path/Frameworks",
				);
				MARKETING_VERSION = 1.0;
				PRODUCT_BUNDLE_IDENTIFIER = com.samuelhg.swimpal;
				PRODUCT_NAME = "$(TARGET_NAME)";
				SWIFT_EMIT_LOC_STRINGS = YES;
				SWIFT_VERSION = 5.0;
				TARGETED_DEVICE_FAMILY = "1,2";
			};
			name = Debug;
		};
		63E2D077293437A6006D2ACE /* Release */ = {
			isa = XCBuildConfiguration;
			buildSettings = {
				ASSETCATALOG_COMPILER_APPICON_NAME = AppIcon;
				ASSETCATALOG_COMPILER_GLOBAL_ACCENT_COLOR_NAME = AccentColor;
				CODE_SIGN_STYLE = Automatic;
				CURRENT_PROJECT_VERSION = 1;
				DEVELOPMENT_ASSET_PATHS = "\"swimpal/Preview Content\"";
				ENABLE_PREVIEWS = YES;
				GENERATE_INFOPLIST_FILE = YES;
				INFOPLIST_FILE = swimpal/Info.plist;
				INFOPLIST_KEY_UIApplicationSceneManifest_Generation = YES;
				INFOPLIST_KEY_UIApplicationSupportsIndirectInputEvents = YES;
				INFOPLIST_KEY_UILaunchScreen_Generation = YES;
				INFOPLIST_KEY_UISupportedInterfaceOrientations_iPad = "UIInterfaceOrientationPortrait UIInterfaceOrientationPortraitUpsideDown UIInterfaceOrientationLandscapeLeft UIInterfaceOrientationLandscapeRight";
				INFOPLIST_KEY_UISupportedInterfaceOrientations_iPhone = "UIInterfaceOrientationPortrait UIInterfaceOrientationLandscapeLeft UIInterfaceOrientationLandscapeRight";
				LD_RUNPATH_SEARCH_PATHS = (
					"$(inherited)",
					"@executable_path/Frameworks",
				);
				MARKETING_VERSION = 1.0;
				PRODUCT_BUNDLE_IDENTIFIER = com.samuelhg.swimpal;
				PRODUCT_NAME = "$(TARGET_NAME)";
				SWIFT_EMIT_LOC_STRINGS = YES;
				SWIFT_VERSION = 5.0;
				TARGETED_DEVICE_FAMILY = "1,2";
			};
			name = Release;
		};
/* End XCBuildConfiguration section */

/* Begin XCConfigurationList section */
		63E2D0622934379F006D2ACE /* Build configuration list for PBXProject "swimpal" */ = {
			isa = XCConfigurationList;
			buildConfigurations = (
				63E2D073293437A6006D2ACE /* Debug */,
				63E2D074293437A6006D2ACE /* Release */,
			);
			defaultConfigurationIsVisible = 0;
			defaultConfigurationName = Release;
		};
		63E2D075293437A6006D2ACE /* Build configuration list for PBXNativeTarget "swimpal" */ = {
			isa = XCConfigurationList;
			buildConfigurations = (
				63E2D076293437A6006D2ACE /* Debug */,
				63E2D077293437A6006D2ACE /* Release */,
			);
			defaultConfigurationIsVisible = 0;
			defaultConfigurationName = Release;
		};
/* End XCConfigurationList section */

/* Begin XCVersionGroup section */
		63A75809297F773300919391 /* Model.xcdatamodeld */ = {
			isa = XCVersionGroup;
			children = (
				63A7580A297F773400919391 /* Model.xcdatamodel */,
			);
			currentVersion = 63A7580A297F773400919391 /* Model.xcdatamodel */;
			path = Model.xcdatamodeld;
			sourceTree = "<group>";
			versionGroupType = wrapper.xcdatamodel;
		};
/* End XCVersionGroup section */
	};
	rootObject = 63E2D05F2934379F006D2ACE /* Project object */;
}
